
Microsoft Visual Studio Solution File, Format Version 12.00
# Visual Studio Version 16
VisualStudioVersion = 16.0.29009.5
MinimumVisualStudioVersion = 10.0.40219.1
Project("{FAE04EC0-301F-11D3-BF4B-00C04F79EFBC}") = "BinaryAdd", "BinaryAdd\BinaryAdd.csproj", "{A5EB479B-F568-4BF1-8F1C-28AA13A51F8F}"
EndProject
Global
	GlobalSection(SolutionConfigurationPlatforms) = preSolution
		Debug|Any CPU = Debug|Any CPU
		Release|Any CPU = Release|Any CPU
	EndGlobalSection
	GlobalSection(ProjectConfigurationPlatforms) = postSolution
		{A5EB479B-F568-4BF1-8F1C-28AA13A51F8F}.Debug|Any CPU.ActiveCfg = Debug|Any CPU
		{A5EB479B-F568-4BF1-8F1C-28AA13A51F8F}.Debug|Any CPU.Build.0 = Debug|Any CPU
		{A5EB479B-F568-4BF1-8F1C-28AA13A51F8F}.Release|Any CPU.ActiveCfg = Release|Any CPU
		{A5EB479B-F568-4BF1-8F1C-28AA13A51F8F}.Release|Any CPU.Build.0 = Release|Any CPU
	EndGlobalSection
	GlobalSection(SolutionProperties) = preSolution
		HideSolutionNode = FALSE
	EndGlobalSection
	GlobalSection(ExtensibilityGlobals) = postSolution
		SolutionGuid = {70E6E4BC-19A7-42F9-A7A3-4FAA6A41BA00}
	EndGlobalSection
EndGlobal
